
Microsoft Visual Studio Solution File, Format Version 12.00
# Visual Studio Version 17
VisualStudioVersion = 17.3.32929.385
MinimumVisualStudioVersion = 10.0.40219.1
Project("{FAE04EC0-301F-11D3-BF4B-00C04F79EFBC}") = "FilmDunyasi", "FilmDunyasi\FilmDunyasi.csproj", "{7AFF8551-B4DC-49B4-ABF7-30847679BFBA}"
EndProject
Global
	GlobalSection(SolutionConfigurationPlatforms) = preSolution
		Debug|Any CPU = Debug|Any CPU
		Release|Any CPU = Release|Any CPU
	EndGlobalSection
	GlobalSection(ProjectConfigurationPlatforms) = postSolution
		{7AFF8551-B4DC-49B4-ABF7-30847679BFBA}.Debug|Any CPU.ActiveCfg = Debug|Any CPU
		{7AFF8551-B4DC-49B4-ABF7-30847679BFBA}.Debug|Any CPU.Build.0 = Debug|Any CPU
		{7AFF8551-B4DC-49B4-ABF7-30847679BFBA}.Release|Any CPU.ActiveCfg = Release|Any CPU
		{7AFF8551-B4DC-49B4-ABF7-30847679BFBA}.Release|Any CPU.Build.0 = Release|Any CPU
	EndGlobalSection
	GlobalSection(SolutionProperties) = preSolution
		HideSolutionNode = FALSE
	EndGlobalSection
	GlobalSection(ExtensibilityGlobals) = postSolution
		SolutionGuid = {9FA5EBED-4918-42D0-8397-CFCE06809F56}
	EndGlobalSection
EndGlobal
